
Microsoft Visual Studio Solution File, Format Version 12.00
# Visual Studio 14
VisualStudioVersion = 14.0.25420.1
MinimumVisualStudioVersion = 10.0.40219.1
Project("{FAE04EC0-301F-11D3-BF4B-00C04F79EFBC}") = "Truco", "Truco\Truco.csproj", "{975A52E7-5A86-45C8-9CAD-BF20AE52892B}"
EndProject
Project("{FAE04EC0-301F-11D3-BF4B-00C04F79EFBC}") = "Truco.RoundRobin.Test", "Truco.RoundRobin.Test\Truco.RoundRobin.Test.csproj", "{490233D9-E5F1-4D97-BC45-D047E02A53E8}"
EndProject
Global
	GlobalSection(SolutionConfigurationPlatforms) = preSolution
		Debug|Any CPU = Debug|Any CPU
		Release|Any CPU = Release|Any CPU
	EndGlobalSection
	GlobalSection(ProjectConfigurationPlatforms) = postSolution
		{975A52E7-5A86-45C8-9CAD-BF20AE52892B}.Debug|Any CPU.ActiveCfg = Debug|Any CPU
		{975A52E7-5A86-45C8-9CAD-BF20AE52892B}.Debug|Any CPU.Build.0 = Debug|Any CPU
		{975A52E7-5A86-45C8-9CAD-BF20AE52892B}.Release|Any CPU.ActiveCfg = Release|Any CPU
		{975A52E7-5A86-45C8-9CAD-BF20AE52892B}.Release|Any CPU.Build.0 = Release|Any CPU
		{490233D9-E5F1-4D97-BC45-D047E02A53E8}.Debug|Any CPU.ActiveCfg = Debug|Any CPU
		{490233D9-E5F1-4D97-BC45-D047E02A53E8}.Debug|Any CPU.Build.0 = Debug|Any CPU
		{490233D9-E5F1-4D97-BC45-D047E02A53E8}.Release|Any CPU.ActiveCfg = Release|Any CPU
		{490233D9-E5F1-4D97-BC45-D047E02A53E8}.Release|Any CPU.Build.0 = Release|Any CPU
	EndGlobalSection
	GlobalSection(SolutionProperties) = preSolution
		HideSolutionNode = FALSE
	EndGlobalSection
EndGlobal
